
Microsoft Visual Studio Solution File, Format Version 12.00
# Visual Studio 14
VisualStudioVersion = 14.0.25420.1
MinimumVisualStudioVersion = 10.0.40219.1
Project("{FAE04EC0-301F-11D3-BF4B-00C04F79EFBC}") = "TeamContacts", "TeamContacts\TeamContacts.csproj", "{9374A2A6-31CE-4B75-82CF-9159E5FDAC0C}"
EndProject
Project("{FAE04EC0-301F-11D3-BF4B-00C04F79EFBC}") = "TeamContacts.Tests", "TeamContacts.Tests\TeamContacts.Tests.csproj", "{D76E2064-D26D-4077-B3F3-6B779458E22D}"
EndProject
Global
	GlobalSection(SolutionConfigurationPlatforms) = preSolution
		Debug|Any CPU = Debug|Any CPU
		Release|Any CPU = Release|Any CPU
	EndGlobalSection
	GlobalSection(ProjectConfigurationPlatforms) = postSolution
		{9374A2A6-31CE-4B75-82CF-9159E5FDAC0C}.Debug|Any CPU.ActiveCfg = Debug|Any CPU
		{9374A2A6-31CE-4B75-82CF-9159E5FDAC0C}.Debug|Any CPU.Build.0 = Debug|Any CPU
		{9374A2A6-31CE-4B75-82CF-9159E5FDAC0C}.Release|Any CPU.ActiveCfg = Release|Any CPU
		{9374A2A6-31CE-4B75-82CF-9159E5FDAC0C}.Release|Any CPU.Build.0 = Release|Any CPU
		{D76E2064-D26D-4077-B3F3-6B779458E22D}.Debug|Any CPU.ActiveCfg = Debug|Any CPU
		{D76E2064-D26D-4077-B3F3-6B779458E22D}.Debug|Any CPU.Build.0 = Debug|Any CPU
		{D76E2064-D26D-4077-B3F3-6B779458E22D}.Release|Any CPU.ActiveCfg = Release|Any CPU
		{D76E2064-D26D-4077-B3F3-6B779458E22D}.Release|Any CPU.Build.0 = Release|Any CPU
	EndGlobalSection
	GlobalSection(SolutionProperties) = preSolution
		HideSolutionNode = FALSE
	EndGlobalSection
EndGlobal
